
Microsoft Visual Studio Solution File, Format Version 12.00
# Visual Studio Version 17
VisualStudioVersion = 17.9.34701.34
MinimumVisualStudioVersion = 10.0.40219.1
Project("{FAE04EC0-301F-11D3-BF4B-00C04F79EFBC}") = "Cothes_store", "Cothes_store\Cothes_store.csproj", "{6DCDF699-ED7A-4FF4-ABA2-2AB265644F4D}"
EndProject
Global
	GlobalSection(SolutionConfigurationPlatforms) = preSolution
		Debug|Any CPU = Debug|Any CPU
		Release|Any CPU = Release|Any CPU
	EndGlobalSection
	GlobalSection(ProjectConfigurationPlatforms) = postSolution
		{6DCDF699-ED7A-4FF4-ABA2-2AB265644F4D}.Debug|Any CPU.ActiveCfg = Debug|Any CPU
		{6DCDF699-ED7A-4FF4-ABA2-2AB265644F4D}.Debug|Any CPU.Build.0 = Debug|Any CPU
		{6DCDF699-ED7A-4FF4-ABA2-2AB265644F4D}.Release|Any CPU.ActiveCfg = Release|Any CPU
		{6DCDF699-ED7A-4FF4-ABA2-2AB265644F4D}.Release|Any CPU.Build.0 = Release|Any CPU
	EndGlobalSection
	GlobalSection(SolutionProperties) = preSolution
		HideSolutionNode = FALSE
	EndGlobalSection
	GlobalSection(ExtensibilityGlobals) = postSolution
		SolutionGuid = {2A56851B-79B9-4F57-93E6-4755E98BF383}
	EndGlobalSection
EndGlobal
